<?xml version="1.0" encoding="utf-8"?>
<Project ToolsVersion="4.0" xmlns="http://schemas.microsoft.com/developer/msbuild/2003">
  <ItemGroup>
    <ClCompile Include="src\testApp.cpp">
      <Filter>src</Filter>
    </ClCompile>
    <ClCompile Include="src\main.cpp">
      <Filter>src</Filter>
    </ClCompile>
    <ClCompile Include="src\TrackerStuff\IWRFilterTracking.cpp">
      <Filter>src\TrackerStuff</Filter>
    </ClCompile>
    <ClCompile Include="src\TrackerStuff\IWRsdk.c">
      <Filter>src\TrackerStuff</Filter>
    </ClCompile>
    <ClCompile Include="..\..\..\addons\ofxNetwork\src\ofxTCPClient.cpp">
      <Filter>src\Addons\ofNetwork</Filter>
    </ClCompile>
    <ClCompile Include="..\..\..\addons\ofxNetwork\src\ofxTCPManager.cpp">
      <Filter>src\Addons\ofNetwork</Filter>
    </ClCompile>
    <ClCompile Include="..\..\..\addons\ofxNetwork\src\ofxTCPServer.cpp">
      <Filter>src\Addons\ofNetwork</Filter>
    </ClCompile>
    <ClCompile Include="..\..\..\addons\ofxNetwork\src\ofxUDPManager.cpp">
      <Filter>src\Addons\ofNetwork</Filter>
    </ClCompile>
    <ClCompile Include="..\..\..\addons\ofxAssimpModelLoader\src\ofxAssimpModelLoader.cpp">
      <Filter>src\Addons\Assimp</Filter>
    </ClCompile>
    <ClCompile Include="..\..\..\addons\ofxXmlSettings\src\ofxXmlSettings.cpp">
      <Filter>src\Addons\ofxXml</Filter>
    </ClCompile>
    <ClCompile Include="..\..\..\addons\ofxXmlSettings\libs\tinyxmlparser.cpp">
      <Filter>src\Addons\ofxXml</Filter>
    </ClCompile>
    <ClCompile Include="..\..\..\addons\ofxXmlSettings\libs\tinyxml.cpp">
      <Filter>src\Addons\ofxXml</Filter>
    </ClCompile>
    <ClCompile Include="..\..\..\addons\ofxXmlSettings\libs\tinyxmlerror.cpp">
      <Filter>src\Addons\ofxXml</Filter>
    </ClCompile>
    <ClCompile Include="src\Models.cpp">
      <Filter>src\CustomClasses</Filter>
    </ClCompile>
    <ClCompile Include="..\..\..\addons\ofxARtoolkitPlus\src\ofxARToolkitPlus.cpp">
      <Filter>src\Addons\ofxARToolkitPlus</Filter>
    </ClCompile>
    <ClCompile Include="..\..\..\addons\ofxOpenCv\src\ofxCvColorImage.cpp">
      <Filter>src\Addons\ofxOpenCV</Filter>
    </ClCompile>
    <ClCompile Include="..\..\..\addons\ofxOpenCv\src\ofxCvContourFinder.cpp">
      <Filter>src\Addons\ofxOpenCV</Filter>
    </ClCompile>
    <ClCompile Include="..\..\..\addons\ofxOpenCv\src\ofxCvFloatImage.cpp">
      <Filter>src\Addons\ofxOpenCV</Filter>
    </ClCompile>
    <ClCompile Include="..\..\..\addons\ofxOpenCv\src\ofxCvGrayscaleImage.cpp">
      <Filter>src\Addons\ofxOpenCV</Filter>
    </ClCompile>
    <ClCompile Include="..\..\..\addons\ofxOpenCv\src\ofxCvHaarFinder.cpp">
      <Filter>src\Addons\ofxOpenCV</Filter>
    </ClCompile>
    <ClCompile Include="..\..\..\addons\ofxOpenCv\src\ofxCvImage.cpp">
      <Filter>src\Addons\ofxOpenCV</Filter>
    </ClCompile>
    <ClCompile Include="..\..\..\addons\ofxOpenCv\src\ofxCvShortImage.cpp">
      <Filter>src\Addons\ofxOpenCV</Filter>
    </ClCompile>
  </ItemGroup>
  <ItemGroup>
    <Filter Include="src">
      <UniqueIdentifier>{d8376475-7454-4a24-b08a-aac121d3ad6f}</UniqueIdentifier>
    </Filter>
    <Filter Include="src\TrackerStuff">
      <UniqueIdentifier>{85283b1c-4613-461f-810e-4b01c682d015}</UniqueIdentifier>
    </Filter>
    <Filter Include="src\VuzixSDK">
      <UniqueIdentifier>{d510474a-05fc-490f-8b88-62ae33c0ad9b}</UniqueIdentifier>
    </Filter>
    <Filter Include="src\Addons">
      <UniqueIdentifier>{f3455e1a-38b9-4beb-ae09-a15c9594bb12}</UniqueIdentifier>
    </Filter>
    <Filter Include="src\Addons\ofNetwork">
      <UniqueIdentifier>{5d929717-c47d-40ab-812c-1c08dcf262cb}</UniqueIdentifier>
    </Filter>
    <Filter Include="src\Addons\Thread">
      <UniqueIdentifier>{bcb41bba-9689-4411-8d16-8f801713a729}</UniqueIdentifier>
    </Filter>
    <Filter Include="src\CustomClasses">
      <UniqueIdentifier>{1d700ba0-fab1-4dbf-897d-cb4ad7a930e5}</UniqueIdentifier>
    </Filter>
    <Filter Include="src\Addons\Assimp">
      <UniqueIdentifier>{9d8a55e5-2793-44b8-8f8b-bf6556c54909}</UniqueIdentifier>
    </Filter>
    <Filter Include="src\Addons\ofxXml">
      <UniqueIdentifier>{3aee3a71-2128-437d-933e-76e53a0115a3}</UniqueIdentifier>
    </Filter>
    <Filter Include="src\Addons\ofxARToolkitPlus">
      <UniqueIdentifier>{258110c0-5545-4d67-90a6-0bf8894b17ce}</UniqueIdentifier>
    </Filter>
    <Filter Include="src\Addons\ofxOpenCV">
      <UniqueIdentifier>{9eebc8c9-95bf-4605-9f3b-ad7c367a0f75}</UniqueIdentifier>
    </Filter>
  </ItemGroup>
  <ItemGroup>
    <ClInclude Include="src\testApp.h">
      <Filter>src</Filter>
    </ClInclude>
    <ClInclude Include="src\TrackerStuff\IWRsdk.h">
      <Filter>src\TrackerStuff</Filter>
    </ClInclude>
    <ClInclude Include="src\VuzixSDK\inc\iwrstdrv.h">
      <Filter>src\VuzixSDK</Filter>
    </ClInclude>
    <ClInclude Include="src\VuzixSDK\inc\iwrsguid.h">
      <Filter>src\VuzixSDK</Filter>
    </ClInclude>
    <ClInclude Include="src\VuzixSDK\inc\iwrstreo.h">
      <Filter>src\VuzixSDK</Filter>
    </ClInclude>
    <ClInclude Include="src\VuzixSDK\inc\iweardrv.h">
      <Filter>src\VuzixSDK</Filter>
    </ClInclude>
    <ClInclude Include="src\TrackerStuff\resource.h">
      <Filter>src\TrackerStuff</Filter>
    </ClInclude>
    <ClInclude Include="src\TrackerStuff\stdafx.h">
      <Filter>src\TrackerStuff</Filter>
    </ClInclude>
    <ClInclude Include="..\..\..\addons\ofxNetwork\src\ofxNetwork.h">
      <Filter>src\Addons\ofNetwork</Filter>
    </ClInclude>
    <ClInclude Include="..\..\..\addons\ofxNetwork\src\ofxTCPServer.h">
      <Filter>src\Addons\ofNetwork</Filter>
    </ClInclude>
    <ClInclude Include="..\..\..\addons\ofxNetwork\src\ofxNetworkUtils.h">
      <Filter>src\Addons\ofNetwork</Filter>
    </ClInclude>
    <ClInclude Include="..\..\..\addons\ofxNetwork\src\ofxTCPClient.h">
      <Filter>src\Addons\ofNetwork</Filter>
    </ClInclude>
    <ClInclude Include="..\..\..\addons\ofxNetwork\src\ofxTCPManager.h">
      <Filter>src\Addons\ofNetwork</Filter>
    </ClInclude>
    <ClInclude Include="..\..\..\addons\ofxThread\src\ofxThread.h">
      <Filter>src\Addons\Thread</Filter>
    </ClInclude>
    <ClInclude Include="..\..\..\addons\ofxNetwork\src\ofxUDPManager.h">
      <Filter>src\Addons\ofNetwork</Filter>
    </ClInclude>
    <ClInclude Include="src\GUIStuff.h">
      <Filter>src\CustomClasses</Filter>
    </ClInclude>
    <ClInclude Include="src\POIS.h">
      <Filter>src\CustomClasses</Filter>
    </ClInclude>
    <ClInclude Include="src\ProcessReceivedData.h">
      <Filter>src\CustomClasses</Filter>
    </ClInclude>
    <ClInclude Include="src\NoteInformation.h">
      <Filter>src\CustomClasses</Filter>
    </ClInclude>
    <ClInclude Include="src\Calculations.h">
      <Filter>src\CustomClasses</Filter>
    </ClInclude>
    <ClInclude Include="..\..\..\addons\ofxAssimpModelLoader\src\ofx3DBaseLoader.h">
      <Filter>src\Addons\Assimp</Filter>
    </ClInclude>
    <ClInclude Include="..\..\..\addons\ofxAssimpModelLoader\src\ofxAssimpModelLoader.h">
      <Filter>src\Addons\Assimp</Filter>
    </ClInclude>
    <ClInclude Include="..\..\..\addons\ofxAssimpModelLoader\src\ofxAssimpMeshHelper.h">
      <Filter>src\Addons\Assimp</Filter>
    </ClInclude>
    <ClInclude Include="..\..\..\addons\ofxXmlSettings\src\ofxXmlSettings.h">
      <Filter>src\Addons\ofxXml</Filter>
    </ClInclude>
    <ClInclude Include="..\..\..\addons\ofxXmlSettings\libs\tinyxml.h">
      <Filter>src\Addons\ofxXml</Filter>
    </ClInclude>
    <ClInclude Include="src\Models.h">
      <Filter>src\CustomClasses</Filter>
    </ClInclude>
    <ClInclude Include="..\..\..\addons\ofxARtoolkitPlus\libs\ARToolKitPlus\include\ARToolKitPlus\ar.h">
      <Filter>src\Addons\ofxARToolkitPlus</Filter>
    </ClInclude>
    <ClInclude Include="..\..\..\addons\ofxARtoolkitPlus\libs\ARToolKitPlus\include\ARToolKitPlus\arBitFieldPattern.h">
      <Filter>src\Addons\ofxARToolkitPlus</Filter>
    </ClInclude>
    <ClInclude Include="..\..\..\addons\ofxARtoolkitPlus\libs\ARToolKitPlus\include\ARToolKitPlus\arGetInitRot2Sub.h">
      <Filter>src\Addons\ofxARToolkitPlus</Filter>
    </ClInclude>
    <ClInclude Include="..\..\..\addons\ofxARtoolkitPlus\libs\ARToolKitPlus\include\ARToolKitPlus\arMulti.h">
      <Filter>src\Addons\ofxARToolkitPlus</Filter>
    </ClInclude>
    <ClInclude Include="..\..\..\addons\ofxARtoolkitPlus\libs\ARToolKitPlus\include\ARToolKitPlus\ARToolKitPlus.h">
      <Filter>src\Addons\ofxARToolkitPlus</Filter>
    </ClInclude>
    <ClInclude Include="..\..\..\addons\ofxARtoolkitPlus\libs\ARToolKitPlus\include\ARToolKitPlus\Camera.h">
      <Filter>src\Addons\ofxARToolkitPlus</Filter>
    </ClInclude>
    <ClInclude Include="..\..\..\addons\ofxARtoolkitPlus\libs\ARToolKitPlus\include\ARToolKitPlus\config.h">
      <Filter>src\Addons\ofxARToolkitPlus</Filter>
    </ClInclude>
    <ClInclude Include="..\..\..\addons\ofxARtoolkitPlus\libs\ARToolKitPlus\include\ARToolKitPlus\extra\BCH.h">
      <Filter>src\Addons\ofxARToolkitPlus</Filter>
    </ClInclude>
    <ClInclude Include="..\..\..\addons\ofxARtoolkitPlus\libs\ARToolKitPlus\include\ARToolKitPlus\extra\Hull.h">
      <Filter>src\Addons\ofxARToolkitPlus</Filter>
    </ClInclude>
    <ClInclude Include="..\..\..\addons\ofxARtoolkitPlus\libs\ARToolKitPlus\include\ARToolKitPlus\extra\rpp.h">
      <Filter>src\Addons\ofxARToolkitPlus</Filter>
    </ClInclude>
    <ClInclude Include="..\..\..\addons\ofxARtoolkitPlus\libs\ARToolKitPlus\include\ARToolKitPlus\matrix.h">
      <Filter>src\Addons\ofxARToolkitPlus</Filter>
    </ClInclude>
    <ClInclude Include="..\..\..\addons\ofxARtoolkitPlus\libs\ARToolKitPlus\include\ARToolKitPlus\Tracker.h">
      <Filter>src\Addons\ofxARToolkitPlus</Filter>
    </ClInclude>
    <ClInclude Include="..\..\..\addons\ofxARtoolkitPlus\libs\ARToolKitPlus\include\ARToolKitPlus\TrackerMultiMarker.h">
      <Filter>src\Addons\ofxARToolkitPlus</Filter>
    </ClInclude>
    <ClInclude Include="..\..\..\addons\ofxARtoolkitPlus\libs\ARToolKitPlus\include\ARToolKitPlus\TrackerSingleMarker.h">
      <Filter>src\Addons\ofxARToolkitPlus</Filter>
    </ClInclude>
    <ClInclude Include="..\..\..\addons\ofxARtoolkitPlus\libs\ARToolKitPlus\include\ARToolKitPlus\vector.h">
      <Filter>src\Addons\ofxARToolkitPlus</Filter>
    </ClInclude>
    <ClInclude Include="..\..\..\addons\ofxARtoolkitPlus\src\ofxARToolkitPlus.h">
      <Filter>src\Addons\ofxARToolkitPlus</Filter>
    </ClInclude>
    <ClInclude Include="..\..\..\addons\ofxOpenCv\libs\opencv\include\opencv\cv.h">
      <Filter>src\Addons\ofxOpenCV</Filter>
    </ClInclude>
    <ClInclude Include="..\..\..\addons\ofxOpenCv\libs\opencv\include\opencv\cv.hpp">
      <Filter>src\Addons\ofxOpenCV</Filter>
    </ClInclude>
    <ClInclude Include="..\..\..\addons\ofxOpenCv\libs\opencv\include\opencv\cvaux.h">
      <Filter>src\Addons\ofxOpenCV</Filter>
    </ClInclude>
    <ClInclude Include="..\..\..\addons\ofxOpenCv\libs\opencv\include\opencv\cvaux.hpp">
      <Filter>src\Addons\ofxOpenCV</Filter>
    </ClInclude>
    <ClInclude Include="..\..\..\addons\ofxOpenCv\libs\opencv\include\opencv\cvwimage.h">
      <Filter>src\Addons\ofxOpenCV</Filter>
    </ClInclude>
    <ClInclude Include="..\..\..\addons\ofxOpenCv\libs\opencv\include\opencv\cxcore.h">
      <Filter>src\Addons\ofxOpenCV</Filter>
    </ClInclude>
    <ClInclude Include="..\..\..\addons\ofxOpenCv\libs\opencv\include\opencv\cxcore.hpp">
      <Filter>src\Addons\ofxOpenCV</Filter>
    </ClInclude>
    <ClInclude Include="..\..\..\addons\ofxOpenCv\libs\opencv\include\opencv\cxeigen.hpp">
      <Filter>src\Addons\ofxOpenCV</Filter>
    </ClInclude>
    <ClInclude Include="..\..\..\addons\ofxOpenCv\libs\opencv\include\opencv\cxmisc.h">
      <Filter>src\Addons\ofxOpenCV</Filter>
    </ClInclude>
    <ClInclude Include="..\..\..\addons\ofxOpenCv\libs\opencv\include\opencv\highgui.h">
      <Filter>src\Addons\ofxOpenCV</Filter>
    </ClInclude>
    <ClInclude Include="..\..\..\addons\ofxOpenCv\libs\opencv\include\opencv\ml.h">
      <Filter>src\Addons\ofxOpenCV</Filter>
    </ClInclude>
    <ClInclude Include="..\..\..\addons\ofxOpenCv\libs\opencv\include\opencv2\calib3d\calib3d.hpp">
      <Filter>src\Addons\ofxOpenCV</Filter>
    </ClInclude>
    <ClInclude Include="..\..\..\addons\ofxOpenCv\libs\opencv\include\opencv2\contrib\contrib.hpp">
      <Filter>src\Addons\ofxOpenCV</Filter>
    </ClInclude>
    <ClInclude Include="..\..\..\addons\ofxOpenCv\libs\opencv\include\opencv2\contrib\retina.hpp">
      <Filter>src\Addons\ofxOpenCV</Filter>
    </ClInclude>
    <ClInclude Include="..\..\..\addons\ofxOpenCv\libs\opencv\include\opencv2\core\core.hpp">
      <Filter>src\Addons\ofxOpenCV</Filter>
    </ClInclude>
    <ClInclude Include="..\..\..\addons\ofxOpenCv\libs\opencv\include\opencv2\core\core_c.h">
      <Filter>src\Addons\ofxOpenCV</Filter>
    </ClInclude>
    <ClInclude Include="..\..\..\addons\ofxOpenCv\libs\opencv\include\opencv2\core\eigen.hpp">
      <Filter>src\Addons\ofxOpenCV</Filter>
    </ClInclude>
    <ClInclude Include="..\..\..\addons\ofxOpenCv\libs\opencv\include\opencv2\core\internal.hpp">
      <Filter>src\Addons\ofxOpenCV</Filter>
    </ClInclude>
    <ClInclude Include="..\..\..\addons\ofxOpenCv\libs\opencv\include\opencv2\core\mat.hpp">
      <Filter>src\Addons\ofxOpenCV</Filter>
    </ClInclude>
    <ClInclude Include="..\..\..\addons\ofxOpenCv\libs\opencv\include\opencv2\core\operations.hpp">
      <Filter>src\Addons\ofxOpenCV</Filter>
    </ClInclude>
    <ClInclude Include="..\..\..\addons\ofxOpenCv\libs\opencv\include\opencv2\core\types_c.h">
      <Filter>src\Addons\ofxOpenCV</Filter>
    </ClInclude>
    <ClInclude Include="..\..\..\addons\ofxOpenCv\libs\opencv\include\opencv2\core\version.hpp">
      <Filter>src\Addons\ofxOpenCV</Filter>
    </ClInclude>
    <ClInclude Include="..\..\..\addons\ofxOpenCv\libs\opencv\include\opencv2\core\wimage.hpp">
      <Filter>src\Addons\ofxOpenCV</Filter>
    </ClInclude>
    <ClInclude Include="..\..\..\addons\ofxOpenCv\libs\opencv\include\opencv2\features2d\features2d.hpp">
      <Filter>src\Addons\ofxOpenCV</Filter>
    </ClInclude>
    <ClInclude Include="..\..\..\addons\ofxOpenCv\libs\opencv\include\opencv2\flann\allocator.h">
      <Filter>src\Addons\ofxOpenCV</Filter>
    </ClInclude>
    <ClInclude Include="..\..\..\addons\ofxOpenCv\libs\opencv\include\opencv2\flann\all_indices.h">
      <Filter>src\Addons\ofxOpenCV</Filter>
    </ClInclude>
    <ClInclude Include="..\..\..\addons\ofxOpenCv\libs\opencv\include\opencv2\flann\any.h">
      <Filter>src\Addons\ofxOpenCV</Filter>
    </ClInclude>
    <ClInclude Include="..\..\..\addons\ofxOpenCv\libs\opencv\include\opencv2\flann\autotuned_index.h">
      <Filter>src\Addons\ofxOpenCV</Filter>
    </ClInclude>
    <ClInclude Include="..\..\..\addons\ofxOpenCv\libs\opencv\include\opencv2\flann\composite_index.h">
      <Filter>src\Addons\ofxOpenCV</Filter>
    </ClInclude>
    <ClInclude Include="..\..\..\addons\ofxOpenCv\libs\opencv\include\opencv2\flann\config.h">
      <Filter>src\Addons\ofxOpenCV</Filter>
    </ClInclude>
    <ClInclude Include="..\..\..\addons\ofxOpenCv\libs\opencv\include\opencv2\flann\defines.h">
      <Filter>src\Addons\ofxOpenCV</Filter>
    </ClInclude>
    <ClInclude Include="..\..\..\addons\ofxOpenCv\libs\opencv\include\opencv2\flann\dist.h">
      <Filter>src\Addons\ofxOpenCV</Filter>
    </ClInclude>
    <ClInclude Include="..\..\..\addons\ofxOpenCv\libs\opencv\include\opencv2\flann\dummy.h">
      <Filter>src\Addons\ofxOpenCV</Filter>
    </ClInclude>
    <ClInclude Include="..\..\..\addons\ofxOpenCv\libs\opencv\include\opencv2\flann\dynamic_bitset.h">
      <Filter>src\Addons\ofxOpenCV</Filter>
    </ClInclude>
    <ClInclude Include="..\..\..\addons\ofxOpenCv\libs\opencv\include\opencv2\flann\flann.hpp">
      <Filter>src\Addons\ofxOpenCV</Filter>
    </ClInclude>
    <ClInclude Include="..\..\..\addons\ofxOpenCv\libs\opencv\include\opencv2\flann\flann_base.hpp">
      <Filter>src\Addons\ofxOpenCV</Filter>
    </ClInclude>
    <ClInclude Include="..\..\..\addons\ofxOpenCv\libs\opencv\include\opencv2\flann\general.h">
      <Filter>src\Addons\ofxOpenCV</Filter>
    </ClInclude>
    <ClInclude Include="..\..\..\addons\ofxOpenCv\libs\opencv\include\opencv2\flann\ground_truth.h">
      <Filter>src\Addons\ofxOpenCV</Filter>
    </ClInclude>
    <ClInclude Include="..\..\..\addons\ofxOpenCv\libs\opencv\include\opencv2\flann\hdf5.h">
      <Filter>src\Addons\ofxOpenCV</Filter>
    </ClInclude>
    <ClInclude Include="..\..\..\addons\ofxOpenCv\libs\opencv\include\opencv2\flann\heap.h">
      <Filter>src\Addons\ofxOpenCV</Filter>
    </ClInclude>
    <ClInclude Include="..\..\..\addons\ofxOpenCv\libs\opencv\include\opencv2\flann\hierarchical_clustering_index.h">
      <Filter>src\Addons\ofxOpenCV</Filter>
    </ClInclude>
    <ClInclude Include="..\..\..\addons\ofxOpenCv\libs\opencv\include\opencv2\flann\index_testing.h">
      <Filter>src\Addons\ofxOpenCV</Filter>
    </ClInclude>
    <ClInclude Include="..\..\..\addons\ofxOpenCv\libs\opencv\include\opencv2\flann\kdtree_index.h">
      <Filter>src\Addons\ofxOpenCV</Filter>
    </ClInclude>
    <ClInclude Include="..\..\..\addons\ofxOpenCv\libs\opencv\include\opencv2\flann\kdtree_single_index.h">
      <Filter>src\Addons\ofxOpenCV</Filter>
    </ClInclude>
    <ClInclude Include="..\..\..\addons\ofxOpenCv\libs\opencv\include\opencv2\flann\kmeans_index.h">
      <Filter>src\Addons\ofxOpenCV</Filter>
    </ClInclude>
    <ClInclude Include="..\..\..\addons\ofxOpenCv\libs\opencv\include\opencv2\flann\linear_index.h">
      <Filter>src\Addons\ofxOpenCV</Filter>
    </ClInclude>
    <ClInclude Include="..\..\..\addons\ofxOpenCv\libs\opencv\include\opencv2\flann\logger.h">
      <Filter>src\Addons\ofxOpenCV</Filter>
    </ClInclude>
    <ClInclude Include="..\..\..\addons\ofxOpenCv\libs\opencv\include\opencv2\flann\lsh_index.h">
      <Filter>src\Addons\ofxOpenCV</Filter>
    </ClInclude>
    <ClInclude Include="..\..\..\addons\ofxOpenCv\libs\opencv\include\opencv2\flann\lsh_table.h">
      <Filter>src\Addons\ofxOpenCV</Filter>
    </ClInclude>
    <ClInclude Include="..\..\..\addons\ofxOpenCv\libs\opencv\include\opencv2\flann\matrix.h">
      <Filter>src\Addons\ofxOpenCV</Filter>
    </ClInclude>
    <ClInclude Include="..\..\..\addons\ofxOpenCv\libs\opencv\include\opencv2\flann\miniflann.hpp">
      <Filter>src\Addons\ofxOpenCV</Filter>
    </ClInclude>
    <ClInclude Include="..\..\..\addons\ofxOpenCv\libs\opencv\include\opencv2\flann\nn_index.h">
      <Filter>src\Addons\ofxOpenCV</Filter>
    </ClInclude>
    <ClInclude Include="..\..\..\addons\ofxOpenCv\libs\opencv\include\opencv2\flann\object_factory.h">
      <Filter>src\Addons\ofxOpenCV</Filter>
    </ClInclude>
    <ClInclude Include="..\..\..\addons\ofxOpenCv\libs\opencv\include\opencv2\flann\params.h">
      <Filter>src\Addons\ofxOpenCV</Filter>
    </ClInclude>
    <ClInclude Include="..\..\..\addons\ofxOpenCv\libs\opencv\include\opencv2\flann\random.h">
      <Filter>src\Addons\ofxOpenCV</Filter>
    </ClInclude>
    <ClInclude Include="..\..\..\addons\ofxOpenCv\libs\opencv\include\opencv2\flann\result_set.h">
      <Filter>src\Addons\ofxOpenCV</Filter>
    </ClInclude>
    <ClInclude Include="..\..\..\addons\ofxOpenCv\libs\opencv\include\opencv2\flann\sampling.h">
      <Filter>src\Addons\ofxOpenCV</Filter>
    </ClInclude>
    <ClInclude Include="..\..\..\addons\ofxOpenCv\libs\opencv\include\opencv2\flann\saving.h">
      <Filter>src\Addons\ofxOpenCV</Filter>
    </ClInclude>
    <ClInclude Include="..\..\..\addons\ofxOpenCv\libs\opencv\include\opencv2\flann\simplex_downhill.h">
      <Filter>src\Addons\ofxOpenCV</Filter>
    </ClInclude>
    <ClInclude Include="..\..\..\addons\ofxOpenCv\libs\opencv\include\opencv2\flann\timer.h">
      <Filter>src\Addons\ofxOpenCV</Filter>
    </ClInclude>
    <ClInclude Include="..\..\..\addons\ofxOpenCv\libs\opencv\include\opencv2\gpu\devmem2d.hpp">
      <Filter>src\Addons\ofxOpenCV</Filter>
    </ClInclude>
    <ClInclude Include="..\..\..\addons\ofxOpenCv\libs\opencv\include\opencv2\gpu\gpu.hpp">
      <Filter>src\Addons\ofxOpenCV</Filter>
    </ClInclude>
    <ClInclude Include="..\..\..\addons\ofxOpenCv\libs\opencv\include\opencv2\gpu\gpumat.hpp">
      <Filter>src\Addons\ofxOpenCV</Filter>
    </ClInclude>
    <ClInclude Include="..\..\..\addons\ofxOpenCv\libs\opencv\include\opencv2\gpu\matrix_operations.hpp">
      <Filter>src\Addons\ofxOpenCV</Filter>
    </ClInclude>
    <ClInclude Include="..\..\..\addons\ofxOpenCv\libs\opencv\include\opencv2\gpu\stream_accessor.hpp">
      <Filter>src\Addons\ofxOpenCV</Filter>
    </ClInclude>
    <ClInclude Include="..\..\..\addons\ofxOpenCv\libs\opencv\include\opencv2\highgui\highgui.hpp">
      <Filter>src\Addons\ofxOpenCV</Filter>
    </ClInclude>
    <ClInclude Include="..\..\..\addons\ofxOpenCv\libs\opencv\include\opencv2\highgui\highgui_c.h">
      <Filter>src\Addons\ofxOpenCV</Filter>
    </ClInclude>
    <ClInclude Include="..\..\..\addons\ofxOpenCv\libs\opencv\include\opencv2\imgproc\imgproc.hpp">
      <Filter>src\Addons\ofxOpenCV</Filter>
    </ClInclude>
    <ClInclude Include="..\..\..\addons\ofxOpenCv\libs\opencv\include\opencv2\imgproc\imgproc_c.h">
      <Filter>src\Addons\ofxOpenCV</Filter>
    </ClInclude>
    <ClInclude Include="..\..\..\addons\ofxOpenCv\libs\opencv\include\opencv2\imgproc\types_c.h">
      <Filter>src\Addons\ofxOpenCV</Filter>
    </ClInclude>
    <ClInclude Include="..\..\..\addons\ofxOpenCv\libs\opencv\include\opencv2\legacy\blobtrack.hpp">
      <Filter>src\Addons\ofxOpenCV</Filter>
    </ClInclude>
    <ClInclude Include="..\..\..\addons\ofxOpenCv\libs\opencv\include\opencv2\legacy\compat.hpp">
      <Filter>src\Addons\ofxOpenCV</Filter>
    </ClInclude>
    <ClInclude Include="..\..\..\addons\ofxOpenCv\libs\opencv\include\opencv2\legacy\legacy.hpp">
      <Filter>src\Addons\ofxOpenCV</Filter>
    </ClInclude>
    <ClInclude Include="..\..\..\addons\ofxOpenCv\libs\opencv\include\opencv2\legacy\streams.hpp">
      <Filter>src\Addons\ofxOpenCV</Filter>
    </ClInclude>
    <ClInclude Include="..\..\..\addons\ofxOpenCv\libs\opencv\include\opencv2\ml\ml.hpp">
      <Filter>src\Addons\ofxOpenCV</Filter>
    </ClInclude>
    <ClInclude Include="..\..\..\addons\ofxOpenCv\libs\opencv\include\opencv2\objdetect\objdetect.hpp">
      <Filter>src\Addons\ofxOpenCV</Filter>
    </ClInclude>
    <ClInclude Include="..\..\..\addons\ofxOpenCv\libs\opencv\include\opencv2\opencv.hpp">
      <Filter>src\Addons\ofxOpenCV</Filter>
    </ClInclude>
    <ClInclude Include="..\..\..\addons\ofxOpenCv\libs\opencv\include\opencv2\ts\ts.hpp">
      <Filter>src\Addons\ofxOpenCV</Filter>
    </ClInclude>
    <ClInclude Include="..\..\..\addons\ofxOpenCv\libs\opencv\include\opencv2\ts\ts_gtest.h">
      <Filter>src\Addons\ofxOpenCV</Filter>
    </ClInclude>
    <ClInclude Include="..\..\..\addons\ofxOpenCv\libs\opencv\include\opencv2\video\background_segm.hpp">
      <Filter>src\Addons\ofxOpenCV</Filter>
    </ClInclude>
    <ClInclude Include="..\..\..\addons\ofxOpenCv\libs\opencv\include\opencv2\video\tracking.hpp">
      <Filter>src\Addons\ofxOpenCV</Filter>
    </ClInclude>
    <ClInclude Include="..\..\..\addons\ofxOpenCv\libs\opencv\include\opencv2\video\video.hpp">
      <Filter>src\Addons\ofxOpenCV</Filter>
    </ClInclude>
    <ClInclude Include="..\..\..\addons\ofxOpenCv\src\ofxCvBlob.h">
      <Filter>src\Addons\ofxOpenCV</Filter>
    </ClInclude>
    <ClInclude Include="..\..\..\addons\ofxOpenCv\src\ofxCvColorImage.h">
      <Filter>src\Addons\ofxOpenCV</Filter>
    </ClInclude>
    <ClInclude Include="..\..\..\addons\ofxOpenCv\src\ofxCvConstants.h">
      <Filter>src\Addons\ofxOpenCV</Filter>
    </ClInclude>
    <ClInclude Include="..\..\..\addons\ofxOpenCv\src\ofxCvContourFinder.h">
      <Filter>src\Addons\ofxOpenCV</Filter>
    </ClInclude>
    <ClInclude Include="..\..\..\addons\ofxOpenCv\src\ofxCvFloatImage.h">
      <Filter>src\Addons\ofxOpenCV</Filter>
    </ClInclude>
    <ClInclude Include="..\..\..\addons\ofxOpenCv\src\ofxCvGrayscaleImage.h">
      <Filter>src\Addons\ofxOpenCV</Filter>
    </ClInclude>
    <ClInclude Include="..\..\..\addons\ofxOpenCv\src\ofxCvHaarFinder.h">
      <Filter>src\Addons\ofxOpenCV</Filter>
    </ClInclude>
    <ClInclude Include="..\..\..\addons\ofxOpenCv\src\ofxCvImage.h">
      <Filter>src\Addons\ofxOpenCV</Filter>
    </ClInclude>
    <ClInclude Include="..\..\..\addons\ofxOpenCv\src\ofxCvMain.h">
      <Filter>src\Addons\ofxOpenCV</Filter>
    </ClInclude>
    <ClInclude Include="..\..\..\addons\ofxOpenCv\src\ofxCvShortImage.h">
      <Filter>src\Addons\ofxOpenCV</Filter>
    </ClInclude>
    <ClInclude Include="..\..\..\addons\ofxOpenCv\src\ofxOpenCv.h">
      <Filter>src\Addons\ofxOpenCV</Filter>
    </ClInclude>
  </ItemGroup>
  <ItemGroup>
    <None Include="..\..\..\addons\ofxARtoolkitPlus\.gitignore">
      <Filter>src\Addons\ofxARToolkitPlus</Filter>
    </None>
    <None Include="..\..\..\addons\ofxARtoolkitPlus\README.md">
      <Filter>src\Addons\ofxARToolkitPlus</Filter>
    </None>
  </ItemGroup>
</Project>